
Microsoft Visual Studio Solution File, Format Version 12.00
# Visual Studio Version 17
VisualStudioVersion = 17.0.31912.275
MinimumVisualStudioVersion = 10.0.40219.1
Project("{FAE04EC0-301F-11D3-BF4B-00C04F79EFBC}") = "ObserveQueryParametersBlazor.Server", "ObserveQueryParametersBlazor\Server\ObserveQueryParametersBlazor.Server.csproj", "{B2B87E88-880D-4935-9D5B-9B62E433BF0C}"
EndProject
Project("{FAE04EC0-301F-11D3-BF4B-00C04F79EFBC}") = "ObserveQueryParametersBlazor.Client", "ObserveQueryParametersBlazor\Client\ObserveQueryParametersBlazor.Client.csproj", "{A1B4B400-B0E1-49EA-8736-FD974C16097C}"
EndProject
Project("{FAE04EC0-301F-11D3-BF4B-00C04F79EFBC}") = "ObserveQueryParametersBlazor.Shared", "ObserveQueryParametersBlazor\Shared\ObserveQueryParametersBlazor.Shared.csproj", "{002B56C7-DF42-4E4A-BCAD-F1043F2393C8}"
EndProject
Global
	GlobalSection(SolutionConfigurationPlatforms) = preSolution
		Debug|Any CPU = Debug|Any CPU
		Release|Any CPU = Release|Any CPU
	EndGlobalSection
	GlobalSection(ProjectConfigurationPlatforms) = postSolution
		{B2B87E88-880D-4935-9D5B-9B62E433BF0C}.Debug|Any CPU.ActiveCfg = Debug|Any CPU
		{B2B87E88-880D-4935-9D5B-9B62E433BF0C}.Debug|Any CPU.Build.0 = Debug|Any CPU
		{B2B87E88-880D-4935-9D5B-9B62E433BF0C}.Release|Any CPU.ActiveCfg = Release|Any CPU
		{B2B87E88-880D-4935-9D5B-9B62E433BF0C}.Release|Any CPU.Build.0 = Release|Any CPU
		{A1B4B400-B0E1-49EA-8736-FD974C16097C}.Debug|Any CPU.ActiveCfg = Debug|Any CPU
		{A1B4B400-B0E1-49EA-8736-FD974C16097C}.Debug|Any CPU.Build.0 = Debug|Any CPU
		{A1B4B400-B0E1-49EA-8736-FD974C16097C}.Release|Any CPU.ActiveCfg = Release|Any CPU
		{A1B4B400-B0E1-49EA-8736-FD974C16097C}.Release|Any CPU.Build.0 = Release|Any CPU
		{002B56C7-DF42-4E4A-BCAD-F1043F2393C8}.Debug|Any CPU.ActiveCfg = Debug|Any CPU
		{002B56C7-DF42-4E4A-BCAD-F1043F2393C8}.Debug|Any CPU.Build.0 = Debug|Any CPU
		{002B56C7-DF42-4E4A-BCAD-F1043F2393C8}.Release|Any CPU.ActiveCfg = Release|Any CPU
		{002B56C7-DF42-4E4A-BCAD-F1043F2393C8}.Release|Any CPU.Build.0 = Release|Any CPU
	EndGlobalSection
	GlobalSection(SolutionProperties) = preSolution
		HideSolutionNode = FALSE
	EndGlobalSection
	GlobalSection(ExtensibilityGlobals) = postSolution
		SolutionGuid = {FDB5211F-38F2-49C1-B186-4B8E2DB08766}
	EndGlobalSection
EndGlobal
